
Microsoft Visual Studio Solution File, Format Version 12.00
# Visual Studio 15
Project("{FAE04EC0-301F-11D3-BF4B-00C04F79EFBC}") = "Assembly-CSharp", "Assembly-CSharp.csproj", "{86D390D0-01C7-D003-76A5-92419E6F8D50}"
EndProject
Project("{FAE04EC0-301F-11D3-BF4B-00C04F79EFBC}") = "Assembly-CSharp-firstpass", "Assembly-CSharp-firstpass.csproj", "{8177496A-AE79-54CA-3CFA-E41E8D38C456}"
EndProject
Project("{FAE04EC0-301F-11D3-BF4B-00C04F79EFBC}") = "Assembly-CSharp-Editor", "Assembly-CSharp-Editor.csproj", "{2C007569-739E-3333-F814-EC677DF60882}"
EndProject
Project("{FAE04EC0-301F-11D3-BF4B-00C04F79EFBC}") = "Assembly-CSharp-Editor-firstpass", "Assembly-CSharp-Editor-firstpass.csproj", "{7D92585B-1372-4854-5B79-5887929367B3}"
EndProject
Global
	GlobalSection(SolutionConfigurationPlatforms) = preSolution
		Debug|Any CPU = Debug|Any CPU
		Release|Any CPU = Release|Any CPU
	EndGlobalSection
	GlobalSection(ProjectConfigurationPlatforms) = postSolution
		{86D390D0-01C7-D003-76A5-92419E6F8D50}.Debug|Any CPU.ActiveCfg = Debug|Any CPU
		{86D390D0-01C7-D003-76A5-92419E6F8D50}.Debug|Any CPU.Build.0 = Debug|Any CPU
		{86D390D0-01C7-D003-76A5-92419E6F8D50}.Release|Any CPU.ActiveCfg = Release|Any CPU
		{86D390D0-01C7-D003-76A5-92419E6F8D50}.Release|Any CPU.Build.0 = Release|Any CPU
		{8177496A-AE79-54CA-3CFA-E41E8D38C456}.Debug|Any CPU.ActiveCfg = Debug|Any CPU
		{8177496A-AE79-54CA-3CFA-E41E8D38C456}.Debug|Any CPU.Build.0 = Debug|Any CPU
		{8177496A-AE79-54CA-3CFA-E41E8D38C456}.Release|Any CPU.ActiveCfg = Release|Any CPU
		{8177496A-AE79-54CA-3CFA-E41E8D38C456}.Release|Any CPU.Build.0 = Release|Any CPU
		{2C007569-739E-3333-F814-EC677DF60882}.Debug|Any CPU.ActiveCfg = Debug|Any CPU
		{2C007569-739E-3333-F814-EC677DF60882}.Debug|Any CPU.Build.0 = Debug|Any CPU
		{2C007569-739E-3333-F814-EC677DF60882}.Release|Any CPU.ActiveCfg = Release|Any CPU
		{2C007569-739E-3333-F814-EC677DF60882}.Release|Any CPU.Build.0 = Release|Any CPU
		{7D92585B-1372-4854-5B79-5887929367B3}.Debug|Any CPU.ActiveCfg = Debug|Any CPU
		{7D92585B-1372-4854-5B79-5887929367B3}.Debug|Any CPU.Build.0 = Debug|Any CPU
		{7D92585B-1372-4854-5B79-5887929367B3}.Release|Any CPU.ActiveCfg = Release|Any CPU
		{7D92585B-1372-4854-5B79-5887929367B3}.Release|Any CPU.Build.0 = Release|Any CPU
	EndGlobalSection
	GlobalSection(SolutionProperties) = preSolution
		HideSolutionNode = FALSE
	EndGlobalSection
EndGlobal
